// !$*UTF8*$!
{
	archiveVersion = 1;
	classes = {
	};
	objectVersion = 77;
	objects = {

/* Begin PBXBuildFile section */
		4EE9D1D92EE3925F009C1BE8 /* WidgetKit.framework in Frameworks */ = {isa = PBXBuildFile; fileRef = 4EE9D1D82EE3925F009C1BE8 /* WidgetKit.framework */; };
		4EE9D1DB2EE3925F009C1BE8 /* SwiftUI.framework in Frameworks */ = {isa = PBXBuildFile; fileRef = 4EE9D1DA2EE3925F009C1BE8 /* SwiftUI.framework */; };
		4EE9D1EA2EE39260009C1BE8 /* LoveLedgerWidgetExtension.appex in Embed Foundation Extensions */ = {isa = PBXBuildFile; fileRef = 4EE9D1D62EE3925F009C1BE8 /* LoveLedgerWidgetExtension.appex */; settings = {ATTRIBUTES = (RemoveHeadersOnCopy, ); }; };
/* End PBXBuildFile section */

/* Begin PBXContainerItemProxy section */
		4E0000062FF0000100C0D001 /* PBXContainerItemProxy */ = {
			isa = PBXContainerItemProxy;
			containerPortal = 4E9118B02EE29C0500B4AC63 /* Project object */;
			proxyType = 1;
			remoteGlobalIDString = 4E9118B72EE29C0500B4AC63;
			remoteInfo = LoveLedger;
		};
		4E0000162FF0000100C0D001 /* PBXContainerItemProxy */ = {
			isa = PBXContainerItemProxy;
			containerPortal = 4E9118B02EE29C0500B4AC63 /* Project object */;
			proxyType = 1;
			remoteGlobalIDString = 4E9118B72EE29C0500B4AC63;
			remoteInfo = LoveLedger;
		};
		4EE9D1E82EE39260009C1BE8 /* PBXContainerItemProxy */ = {
			isa = PBXContainerItemProxy;
			containerPortal = 4E9118B02EE29C0500B4AC63 /* Project object */;
			proxyType = 1;
			remoteGlobalIDString = 4EE9D1D52EE3925F009C1BE8;
			remoteInfo = LoveLedgerWidgetExtension;
		};
/* End PBXContainerItemProxy section */

/* Begin PBXCopyFilesBuildPhase section */
		4EE9D1EB2EE39260009C1BE8 /* Embed Foundation Extensions */ = {
			isa = PBXCopyFilesBuildPhase;
			buildActionMask = 2147483647;
			dstPath = "";
			dstSubfolderSpec = 13;
			files = (
				4EE9D1EA2EE39260009C1BE8 /* LoveLedgerWidgetExtension.appex in Embed Foundation Extensions */,
			);
			name = "Embed Foundation Extensions";
			runOnlyForDeploymentPostprocessing = 0;
		};
/* End PBXCopyFilesBuildPhase section */

/* Begin PBXFileReference section */
		4E0000012FF0000100C0D001 /* LoveLedgerTests.xctest */ = {isa = PBXFileReference; explicitFileType = wrapper.cfbundle; includeInIndex = 0; path = LoveLedgerTests.xctest; sourceTree = BUILT_PRODUCTS_DIR; };
		4E0000112FF0000100C0D001 /* LoveLedgerUITests.xctest */ = {isa = PBXFileReference; explicitFileType = wrapper.cfbundle; includeInIndex = 0; path = LoveLedgerUITests.xctest; sourceTree = BUILT_PRODUCTS_DIR; };
		4E9118B82EE29C0500B4AC63 /* LoveLedger.app */ = {isa = PBXFileReference; explicitFileType = wrapper.application; includeInIndex = 0; path = LoveLedger.app; sourceTree = BUILT_PRODUCTS_DIR; };
		4ECD1A802EE7ABCA0003A2A6 /* LoveLedgerWidgetExtension.entitlements */ = {isa = PBXFileReference; lastKnownFileType = text.plist.entitlements; path = LoveLedgerWidgetExtension.entitlements; sourceTree = "<group>"; };
		4EE9D1D62EE3925F009C1BE8 /* LoveLedgerWidgetExtension.appex */ = {isa = PBXFileReference; explicitFileType = "wrapper.app-extension"; includeInIndex = 0; path = LoveLedgerWidgetExtension.appex; sourceTree = BUILT_PRODUCTS_DIR; };
		4EE9D1D82EE3925F009C1BE8 /* WidgetKit.framework */ = {isa = PBXFileReference; lastKnownFileType = wrapper.framework; name = WidgetKit.framework; path = System/Library/Frameworks/WidgetKit.framework; sourceTree = SDKROOT; };
		4EE9D1DA2EE3925F009C1BE8 /* SwiftUI.framework */ = {isa = PBXFileReference; lastKnownFileType = wrapper.framework; name = SwiftUI.framework; path = System/Library/Frameworks/SwiftUI.framework; sourceTree = SDKROOT; };
/* End PBXFileReference section */

/* Begin PBXFileSystemSynchronizedBuildFileExceptionSet section */
		4EE9D1EE2EE39260009C1BE8 /* Exceptions for "LoveLedgerWidget" folder in "LoveLedgerWidgetExtension" target */ = {
			isa = PBXFileSystemSynchronizedBuildFileExceptionSet;
			membershipExceptions = (
				Info.plist,
			);
			target = 4EE9D1D52EE3925F009C1BE8 /* LoveLedgerWidgetExtension */;
		};
		4EE9D1F12EE3929B009C1BE8 /* Exceptions for "LoveLedger" folder in "LoveLedger" target */ = {
			isa = PBXFileSystemSynchronizedBuildFileExceptionSet;
			membershipExceptions = (
				Info.plist,
			);
			target = 4E9118B72EE29C0500B4AC63 /* LoveLedger */;
		};
/* End PBXFileSystemSynchronizedBuildFileExceptionSet section */

/* Begin PBXFileSystemSynchronizedRootGroup section */
		4E0000022FF0000100C0D001 /* LoveLedgerTests */ = {
			isa = PBXFileSystemSynchronizedRootGroup;
			path = LoveLedgerTests;
			sourceTree = "<group>";
		};
		4E0000122FF0000100C0D001 /* LoveLedgerUITests */ = {
			isa = PBXFileSystemSynchronizedRootGroup;
			path = LoveLedgerUITests;
			sourceTree = "<group>";
		};
		4E9118BA2EE29C0500B4AC63 /* LoveLedger */ = {
			isa = PBXFileSystemSynchronizedRootGroup;
			exceptions = (
				4EE9D1F12EE3929B009C1BE8 /* Exceptions for "LoveLedger" folder in "LoveLedger" target */,
			);
			path = LoveLedger;
			sourceTree = "<group>";
		};
		4EE9D1DC2EE3925F009C1BE8 /* LoveLedgerWidget */ = {
			isa = PBXFileSystemSynchronizedRootGroup;
			exceptions = (
				4EE9D1EE2EE39260009C1BE8 /* Exceptions for "LoveLedgerWidget" folder in "LoveLedgerWidgetExtension" target */,
			);
			path = LoveLedgerWidget;
			sourceTree = "<group>";
		};
/* End PBXFileSystemSynchronizedRootGroup section */

/* Begin PBXFrameworksBuildPhase section */
		4E0000032FF0000100C0D001 /* Frameworks */ = {
			isa = PBXFrameworksBuildPhase;
			buildActionMask = 2147483647;
			files = (
			);
			runOnlyForDeploymentPostprocessing = 0;
		};
		4E0000132FF0000100C0D001 /* Frameworks */ = {
			isa = PBXFrameworksBuildPhase;
			buildActionMask = 2147483647;
			files = (
			);
			runOnlyForDeploymentPostprocessing = 0;
		};
		4E9118B52EE29C0500B4AC63 /* Frameworks */ = {
			isa = PBXFrameworksBuildPhase;
			buildActionMask = 2147483647;
			files = (
			);
			runOnlyForDeploymentPostprocessing = 0;
		};
		4EE9D1D32EE3925F009C1BE8 /* Frameworks */ = {
			isa = PBXFrameworksBuildPhase;
			buildActionMask = 2147483647;
			files = (
				4EE9D1DB2EE3925F009C1BE8 /* SwiftUI.framework in Frameworks */,
				4EE9D1D92EE3925F009C1BE8 /* WidgetKit.framework in Frameworks */,
			);
			runOnlyForDeploymentPostprocessing = 0;
		};
/* End PBXFrameworksBuildPhase section */

/* Begin PBXGroup section */
		4E9118AF2EE29C0500B4AC63 = {
			isa = PBXGroup;
			children = (
				4ECD1A802EE7ABCA0003A2A6 /* LoveLedgerWidgetExtension.entitlements */,
				4E9118BA2EE29C0500B4AC63 /* LoveLedger */,
				4EE9D1DC2EE3925F009C1BE8 /* LoveLedgerWidget */,
				4E0000022FF0000100C0D001 /* LoveLedgerTests */,
				4E0000122FF0000100C0D001 /* LoveLedgerUITests */,
				4EE9D1D72EE3925F009C1BE8 /* Frameworks */,
				4E9118B92EE29C0500B4AC63 /* Products */,
			);
			sourceTree = "<group>";
		};
		4E9118B92EE29C0500B4AC63 /* Products */ = {
			isa = PBXGroup;
			children = (
				4E9118B82EE29C0500B4AC63 /* LoveLedger.app */,
				4EE9D1D62EE3925F009C1BE8 /* LoveLedgerWidgetExtension.appex */,
				4E0000012FF0000100C0D001 /* LoveLedgerTests.xctest */,
				4E0000112FF0000100C0D001 /* LoveLedgerUITests.xctest */,
			);
			name = Products;
			sourceTree = "<group>";
		};
		4EE9D1D72EE3925F009C1BE8 /* Frameworks */ = {
			isa = PBXGroup;
			children = (
				4EE9D1D82EE3925F009C1BE8 /* WidgetKit.framework */,
				4EE9D1DA2EE3925F009C1BE8 /* SwiftUI.framework */,
			);
			name = Frameworks;
			sourceTree = "<group>";
		};
/* End PBXGroup section */

/* Begin PBXNativeTarget section */
		4E0000052FF0000100C0D001 /* LoveLedgerTests */ = {
			isa = PBXNativeTarget;
			buildConfigurationList = 4E00000A2FF0000100C0D001 /* Build configuration list for PBXNativeTarget "LoveLedgerTests" */;
			buildPhases = (
				4E0000042FF0000100C0D001 /* Sources */,
				4E0000032FF0000100C0D001 /* Frameworks */,
			);
			buildRules = (
			);
			dependencies = (
				4E0000072FF0000100C0D001 /* PBXTargetDependency */,
			);
			fileSystemSynchronizedGroups = (
				4E0000022FF0000100C0D001 /* LoveLedgerTests */,
			);
			name = LoveLedgerTests;
			packageProductDependencies = (
			);
			productName = LoveLedgerTests;
			productReference = 4E0000012FF0000100C0D001 /* LoveLedgerTests.xctest */;
			productType = "com.apple.product-type.bundle.unit-test";
		};
		4E0000152FF0000100C0D001 /* LoveLedgerUITests */ = {
			isa = PBXNativeTarget;
			buildConfigurationList = 4E00001A2FF0000100C0D001 /* Build configuration list for PBXNativeTarget "LoveLedgerUITests" */;
			buildPhases = (
				4E0000142FF0000100C0D001 /* Sources */,
				4E0000132FF0000100C0D001 /* Frameworks */,
			);
			buildRules = (
			);
			dependencies = (
				4E0000172FF0000100C0D001 /* PBXTargetDependency */,
			);
			fileSystemSynchronizedGroups = (
				4E0000122FF0000100C0D001 /* LoveLedgerUITests */,
			);
			name = LoveLedgerUITests;
			packageProductDependencies = (
			);
			productName = LoveLedgerUITests;
			productReference = 4E0000112FF0000100C0D001 /* LoveLedgerUITests.xctest */;
			productType = "com.apple.product-type.bundle.ui-testing";
		};
		4E9118B72EE29C0500B4AC63 /* LoveLedger */ = {
			isa = PBXNativeTarget;
			buildConfigurationList = 4E9118C52EE29C0600B4AC63 /* Build configuration list for PBXNativeTarget "LoveLedger" */;
			buildPhases = (
				4E9118B42EE29C0500B4AC63 /* Sources */,
				4E9118B52EE29C0500B4AC63 /* Frameworks */,
				4E9118B62EE29C0500B4AC63 /* Resources */,
				4EE9D1EB2EE39260009C1BE8 /* Embed Foundation Extensions */,
			);
			buildRules = (
			);
			dependencies = (
				4EE9D1E92EE39260009C1BE8 /* PBXTargetDependency */,
			);
			fileSystemSynchronizedGroups = (
				4E9118BA2EE29C0500B4AC63 /* LoveLedger */,
			);
			name = LoveLedger;
			packageProductDependencies = (
			);
			productName = LoveLedger;
			productReference = 4E9118B82EE29C0500B4AC63 /* LoveLedger.app */;
			productType = "com.apple.product-type.application";
		};
		4EE9D1D52EE3925F009C1BE8 /* LoveLedgerWidgetExtension */ = {
			isa = PBXNativeTarget;
			buildConfigurationList = 4EE9D1EF2EE39260009C1BE8 /* Build configuration list for PBXNativeTarget "LoveLedgerWidgetExtension" */;
			buildPhases = (
				4EE9D1D22EE3925F009C1BE8 /* Sources */,
				4EE9D1D32EE3925F009C1BE8 /* Frameworks */,
				4EE9D1D42EE3925F009C1BE8 /* Resources */,
			);
			buildRules = (
			);
			dependencies = (
			);
			fileSystemSynchronizedGroups = (
				4EE9D1DC2EE3925F009C1BE8 /* LoveLedgerWidget */,
			);
			name = LoveLedgerWidgetExtension;
			packageProductDependencies = (
			);
			productName = LoveLedgerWidgetExtension;
			productReference = 4EE9D1D62EE3925F009C1BE8 /* LoveLedgerWidgetExtension.appex */;
			productType = "com.apple.product-type.app-extension";
		};
/* End PBXNativeTarget section */

/* Begin PBXProject section */
		4E9118B02EE29C0500B4AC63 /* Project object */ = {
			isa = PBXProject;
			attributes = {
				BuildIndependentTargetsInParallel = 1;
				LastSwiftUpdateCheck = 2610;
				LastUpgradeCheck = 2620;
				TargetAttributes = {
					4E0000052FF0000100C0D001 = {
						CreatedOnToolsVersion = 26.1.1;
						TestTargetID = 4E9118B72EE29C0500B4AC63;
					};
					4E0000152FF0000100C0D001 = {
						CreatedOnToolsVersion = 26.1.1;
						TestTargetID = 4E9118B72EE29C0500B4AC63;
					};
					4E9118B72EE29C0500B4AC63 = {
						CreatedOnToolsVersion = 26.1.1;
					};
					4EE9D1D52EE3925F009C1BE8 = {
						CreatedOnToolsVersion = 26.1.1;
					};
				};
			};
			buildConfigurationList = 4E9118B32EE29C0500B4AC63 /* Build configuration list for PBXProject "LoveLedger" */;
			developmentRegion = en;
			hasScannedForEncodings = 0;
			knownRegions = (
				en,
				Base,
				"zh-Hans",
			);
			mainGroup = 4E9118AF2EE29C0500B4AC63;
			minimizedProjectReferenceProxies = 1;
			preferredProjectObjectVersion = 77;
			productRefGroup = 4E9118B92EE29C0500B4AC63 /* Products */;
			projectDirPath = "";
			projectRoot = "";
			targets = (
				4E9118B72EE29C0500B4AC63 /* LoveLedger */,
				4EE9D1D52EE3925F009C1BE8 /* LoveLedgerWidgetExtension */,
				4E0000052FF0000100C0D001 /* LoveLedgerTests */,
				4E0000152FF0000100C0D001 /* LoveLedgerUITests */,
			);
		};
/* End PBXProject section */

/* Begin PBXResourcesBuildPhase section */
		4E9118B62EE29C0500B4AC63 /* Resources */ = {
			isa = PBXResourcesBuildPhase;
			buildActionMask = 2147483647;
			files = (
			);
			runOnlyForDeploymentPostprocessing = 0;
		};
		4EE9D1D42EE3925F009C1BE8 /* Resources */ = {
			isa = PBXResourcesBuildPhase;
			buildActionMask = 2147483647;
			files = (
			);
			runOnlyForDeploymentPostprocessing = 0;
		};
/* End PBXResourcesBuildPhase section */

/* Begin PBXSourcesBuildPhase section */
		4E0000042FF0000100C0D001 /* Sources */ = {
			isa = PBXSourcesBuildPhase;
			buildActionMask = 2147483647;
			files = (
			);
			runOnlyForDeploymentPostprocessing = 0;
		};
		4E0000142FF0000100C0D001 /* Sources */ = {
			isa = PBXSourcesBuildPhase;
			buildActionMask = 2147483647;
			files = (
			);
			runOnlyForDeploymentPostprocessing = 0;
		};
		4E9118B42EE29C0500B4AC63 /* Sources */ = {
			isa = PBXSourcesBuildPhase;
			buildActionMask = 2147483647;
			files = (
			);
			runOnlyForDeploymentPostprocessing = 0;
		};
		4EE9D1D22EE3925F009C1BE8 /* Sources */ = {
			isa = PBXSourcesBuildPhase;
			buildActionMask = 2147483647;
			files = (
			);
			runOnlyForDeploymentPostprocessing = 0;
		};
/* End PBXSourcesBuildPhase section */

/* Begin PBXTargetDependency section */
		4E0000072FF0000100C0D001 /* PBXTargetDependency */ = {
			isa = PBXTargetDependency;
			target = 4E9118B72EE29C0500B4AC63 /* LoveLedger */;
			targetProxy = 4E0000062FF0000100C0D001 /* PBXContainerItemProxy */;
		};
		4E0000172FF0000100C0D001 /* PBXTargetDependency */ = {
			isa = PBXTargetDependency;
			target = 4E9118B72EE29C0500B4AC63 /* LoveLedger */;
			targetProxy = 4E0000162FF0000100C0D001 /* PBXContainerItemProxy */;
		};
		4EE9D1E92EE39260009C1BE8 /* PBXTargetDependency */ = {
			isa = PBXTargetDependency;
			target = 4EE9D1D52EE3925F009C1BE8 /* LoveLedgerWidgetExtension */;
			targetProxy = 4EE9D1E82EE39260009C1BE8 /* PBXContainerItemProxy */;
		};
/* End PBXTargetDependency section */

/* Begin XCBuildConfiguration section */
		4E0000082FF0000100C0D001 /* Debug */ = {
			isa = XCBuildConfiguration;
			buildSettings = {
				BUNDLE_LOADER = "$(TEST_HOST)";
				GENERATE_INFOPLIST_FILE = YES;
				PRODUCT_BUNDLE_IDENTIFIER = com.jackson.LoveLedgerTests;
				PRODUCT_NAME = "$(TARGET_NAME)";
				SWIFT_DEFAULT_ACTOR_ISOLATION = MainActor;
				SWIFT_VERSION = 5.0;
				TEST_HOST = "$(BUILT_PRODUCTS_DIR)/LoveLedger.app/$(BUNDLE_EXECUTABLE_FOLDER_PATH)/LoveLedger";
				TEST_TARGET_NAME = LoveLedger;
			};
			name = Debug;
		};
		4E0000092FF0000100C0D001 /* Release */ = {
			isa = XCBuildConfiguration;
			buildSettings = {
				BUNDLE_LOADER = "$(TEST_HOST)";
				GENERATE_INFOPLIST_FILE = YES;
				PRODUCT_BUNDLE_IDENTIFIER = com.jackson.LoveLedgerTests;
				PRODUCT_NAME = "$(TARGET_NAME)";
				SWIFT_DEFAULT_ACTOR_ISOLATION = MainActor;
				SWIFT_VERSION = 5.0;
				TEST_HOST = "$(BUILT_PRODUCTS_DIR)/LoveLedger.app/$(BUNDLE_EXECUTABLE_FOLDER_PATH)/LoveLedger";
				TEST_TARGET_NAME = LoveLedger;
			};
			name = Release;
		};
		4E0000182FF0000100C0D001 /* Debug */ = {
			isa = XCBuildConfiguration;
			buildSettings = {
				GENERATE_INFOPLIST_FILE = YES;
				PRODUCT_BUNDLE_IDENTIFIER = com.jackson.LoveLedgerUITests;
				PRODUCT_NAME = "$(TARGET_NAME)";
				SWIFT_DEFAULT_ACTOR_ISOLATION = MainActor;
				SWIFT_VERSION = 5.0;
				TEST_TARGET_NAME = LoveLedger;
			};
			name = Debug;
		};
		4E0000192FF0000100C0D001 /* Release */ = {
			isa = XCBuildConfiguration;
			buildSettings = {
				GENERATE_INFOPLIST_FILE = YES;
				PRODUCT_BUNDLE_IDENTIFIER = com.jackson.LoveLedgerUITests;
				PRODUCT_NAME = "$(TARGET_NAME)";
				SWIFT_DEFAULT_ACTOR_ISOLATION = MainActor;
				SWIFT_VERSION = 5.0;
				TEST_TARGET_NAME = LoveLedger;
			};
			name = Release;
		};
		4E9118C32EE29C0600B4AC63 /* Debug */ = {
			isa = XCBuildConfiguration;
			buildSettings = {
				ALWAYS_SEARCH_USER_PATHS = NO;
				ASSETCATALOG_COMPILER_GENERATE_SWIFT_ASSET_SYMBOL_EXTENSIONS = YES;
				CLANG_ANALYZER_LOCALIZABILITY_NONLOCALIZED = YES;
				CLANG_ANALYZER_NONNULL = YES;
				CLANG_ANALYZER_NUMBER_OBJECT_CONVERSION = YES_AGGRESSIVE;
				CLANG_CXX_LANGUAGE_STANDARD = "gnu++20";
				CLANG_ENABLE_MODULES = YES;
				CLANG_ENABLE_OBJC_ARC = YES;
				CLANG_ENABLE_OBJC_WEAK = YES;
				CLANG_WARN_BLOCK_CAPTURE_AUTORELEASING = YES;
				CLANG_WARN_BOOL_CONVERSION = YES;
				CLANG_WARN_COMMA = YES;
				CLANG_WARN_CONSTANT_CONVERSION = YES;
				CLANG_WARN_DEPRECATED_OBJC_IMPLEMENTATIONS = YES;
				CLANG_WARN_DIRECT_OBJC_ISA_USAGE = YES_ERROR;
				CLANG_WARN_DOCUMENTATION_COMMENTS = YES;
				CLANG_WARN_EMPTY_BODY = YES;
				CLANG_WARN_ENUM_CONVERSION = YES;
				CLANG_WARN_INFINITE_RECURSION = YES;
				CLANG_WARN_INT_CONVERSION = YES;
				CLANG_WARN_NON_LITERAL_NULL_CONVERSION = YES;
				CLANG_WARN_OBJC_IMPLICIT_RETAIN_SELF = YES;
				CLANG_WARN_OBJC_LITERAL_CONVERSION = YES;
				CLANG_WARN_OBJC_ROOT_CLASS = YES_ERROR;
				CLANG_WARN_QUOTED_INCLUDE_IN_FRAMEWORK_HEADER = YES;
				CLANG_WARN_RANGE_LOOP_ANALYSIS = YES;
				CLANG_WARN_STRICT_PROTOTYPES = YES;
				CLANG_WARN_SUSPICIOUS_MOVE = YES;
				CLANG_WARN_UNGUARDED_AVAILABILITY = YES_AGGRESSIVE;
				CLANG_WARN_UNREACHABLE_CODE = YES;
				CLANG_WARN__DUPLICATE_METHOD_MATCH = YES;
				COPY_PHASE_STRIP = NO;
				DEBUG_INFORMATION_FORMAT = dwarf;
				DEVELOPMENT_TEAM = X7DADA8TN8;
				ENABLE_STRICT_OBJC_MSGSEND = YES;
				ENABLE_TESTABILITY = YES;
				ENABLE_USER_SCRIPT_SANDBOXING = YES;
				GCC_C_LANGUAGE_STANDARD = gnu17;
				GCC_DYNAMIC_NO_PIC = NO;
				GCC_NO_COMMON_BLOCKS = YES;
				GCC_OPTIMIZATION_LEVEL = 0;
				GCC_PREPROCESSOR_DEFINITIONS = (
					"DEBUG=1",
					"$(inherited)",
				);
				GCC_WARN_64_TO_32_BIT_CONVERSION = YES;
				GCC_WARN_ABOUT_RETURN_TYPE = YES_ERROR;
				GCC_WARN_UNDECLARED_SELECTOR = YES;
				GCC_WARN_UNINITIALIZED_AUTOS = YES_AGGRESSIVE;
				GCC_WARN_UNUSED_FUNCTION = YES;
				GCC_WARN_UNUSED_VARIABLE = YES;
				IPHONEOS_DEPLOYMENT_TARGET = 17.0;
				LOCALIZATION_PREFERS_STRING_CATALOGS = YES;
				MTL_ENABLE_DEBUG_INFO = INCLUDE_SOURCE;
				MTL_FAST_MATH = YES;
				ONLY_ACTIVE_ARCH = YES;
				SDKROOT = iphoneos;
				STRING_CATALOG_GENERATE_SYMBOLS = YES;
				SWIFT_ACTIVE_COMPILATION_CONDITIONS = "DEBUG $(inherited)";
				SWIFT_OPTIMIZATION_LEVEL = "-Onone";
			};
			name = Debug;
		};
		4E9118C42EE29C0600B4AC63 /* Release */ = {
			isa = XCBuildConfiguration;
			buildSettings = {
				ALWAYS_SEARCH_USER_PATHS = NO;
				ASSETCATALOG_COMPILER_GENERATE_SWIFT_ASSET_SYMBOL_EXTENSIONS = YES;
				CLANG_ANALYZER_LOCALIZABILITY_NONLOCALIZED = YES;
				CLANG_ANALYZER_NONNULL = YES;
				CLANG_ANALYZER_NUMBER_OBJECT_CONVERSION = YES_AGGRESSIVE;
				CLANG_CXX_LANGUAGE_STANDARD = "gnu++20";
				CLANG_ENABLE_MODULES = YES;
				CLANG_ENABLE_OBJC_ARC = YES;
				CLANG_ENABLE_OBJC_WEAK = YES;
				CLANG_WARN_BLOCK_CAPTURE_AUTORELEASING = YES;
				CLANG_WARN_BOOL_CONVERSION = YES;
				CLANG_WARN_COMMA = YES;
				CLANG_WARN_CONSTANT_CONVERSION = YES;
				CLANG_WARN_DEPRECATED_OBJC_IMPLEMENTATIONS = YES;
				CLANG_WARN_DIRECT_OBJC_ISA_USAGE = YES_ERROR;
				CLANG_WARN_DOCUMENTATION_COMMENTS = YES;
				CLANG_WARN_EMPTY_BODY = YES;
				CLANG_WARN_ENUM_CONVERSION = YES;
				CLANG_WARN_INFINITE_RECURSION = YES;
				CLANG_WARN_INT_CONVERSION = YES;
				CLANG_WARN_NON_LITERAL_NULL_CONVERSION = YES;
				CLANG_WARN_OBJC_IMPLICIT_RETAIN_SELF = YES;
				CLANG_WARN_OBJC_LITERAL_CONVERSION = YES;
				CLANG_WARN_OBJC_ROOT_CLASS = YES_ERROR;
				CLANG_WARN_QUOTED_INCLUDE_IN_FRAMEWORK_HEADER = YES;
				CLANG_WARN_RANGE_LOOP_ANALYSIS = YES;
				CLANG_WARN_STRICT_PROTOTYPES = YES;
				CLANG_WARN_SUSPICIOUS_MOVE = YES;
				CLANG_WARN_UNGUARDED_AVAILABILITY = YES_AGGRESSIVE;
				CLANG_WARN_UNREACHABLE_CODE = YES;
				CLANG_WARN__DUPLICATE_METHOD_MATCH = YES;
				COPY_PHASE_STRIP = NO;
				DEBUG_INFORMATION_FORMAT = "dwarf-with-dsym";
				DEVELOPMENT_TEAM = X7DADA8TN8;
				ENABLE_NS_ASSERTIONS = NO;
				ENABLE_STRICT_OBJC_MSGSEND = YES;
				ENABLE_USER_SCRIPT_SANDBOXING = YES;
				GCC_C_LANGUAGE_STANDARD = gnu17;
				GCC_NO_COMMON_BLOCKS = YES;
				GCC_WARN_64_TO_32_BIT_CONVERSION = YES;
				GCC_WARN_ABOUT_RETURN_TYPE = YES_ERROR;
				GCC_WARN_UNDECLARED_SELECTOR = YES;
				GCC_WARN_UNINITIALIZED_AUTOS = YES_AGGRESSIVE;
				GCC_WARN_UNUSED_FUNCTION = YES;
				GCC_WARN_UNUSED_VARIABLE = YES;
				IPHONEOS_DEPLOYMENT_TARGET = 17.0;
				LOCALIZATION_PREFERS_STRING_CATALOGS = YES;
				MTL_ENABLE_DEBUG_INFO = NO;
				MTL_FAST_MATH = YES;
				SDKROOT = iphoneos;
				STRING_CATALOG_GENERATE_SYMBOLS = YES;
				SWIFT_COMPILATION_MODE = wholemodule;
				VALIDATE_PRODUCT = YES;
			};
			name = Release;
		};
		4E9118C62EE29C0600B4AC63 /* Debug */ = {
			isa = XCBuildConfiguration;
			buildSettings = {
				ASSETCATALOG_COMPILER_APPICON_NAME = AppIcon;
				ASSETCATALOG_COMPILER_GLOBAL_ACCENT_COLOR_NAME = AccentColor;
				CODE_SIGN_ENTITLEMENTS = LoveLedger/LoveLedger.entitlements;
				CODE_SIGN_STYLE = Automatic;
				CURRENT_PROJECT_VERSION = 12;
				DEVELOPMENT_TEAM = X7DADA8TN8;
				ENABLE_PREVIEWS = YES;
				GENERATE_INFOPLIST_FILE = YES;
				INFOPLIST_FILE = LoveLedger/Info.plist;
				INFOPLIST_KEY_CFBundleDisplayName = DailySpend;
				INFOPLIST_KEY_UIApplicationSceneManifest_Generation = YES;
				INFOPLIST_KEY_UIApplicationSupportsIndirectInputEvents = YES;
				INFOPLIST_KEY_UILaunchScreen_Generation = YES;
				INFOPLIST_KEY_UISupportedInterfaceOrientations_iPad = "UIInterfaceOrientationPortrait UIInterfaceOrientationPortraitUpsideDown UIInterfaceOrientationLandscapeLeft UIInterfaceOrientationLandscapeRight";
				INFOPLIST_KEY_UISupportedInterfaceOrientations_iPhone = "UIInterfaceOrientationPortrait UIInterfaceOrientationLandscapeLeft UIInterfaceOrientationLandscapeRight";
				LD_RUNPATH_SEARCH_PATHS = (
					"$(inherited)",
					"@executable_path/Frameworks",
				);
				MARKETING_VERSION = 1.0;
				PRODUCT_BUNDLE_IDENTIFIER = com.jackson.LoveLedger;
				PRODUCT_NAME = "$(TARGET_NAME)";
				STRING_CATALOG_GENERATE_SYMBOLS = YES;
				SWIFT_APPROACHABLE_CONCURRENCY = YES;
				SWIFT_DEFAULT_ACTOR_ISOLATION = MainActor;
				SWIFT_EMIT_LOC_STRINGS = YES;
				SWIFT_UPCOMING_FEATURE_MEMBER_IMPORT_VISIBILITY = YES;
				SWIFT_VERSION = 5.0;
				TARGETED_DEVICE_FAMILY = "1,2";
			};
			name = Debug;
		};
		4E9118C72EE29C0600B4AC63 /* Release */ = {
			isa = XCBuildConfiguration;
			buildSettings = {
				ASSETCATALOG_COMPILER_APPICON_NAME = AppIcon;
				ASSETCATALOG_COMPILER_GLOBAL_ACCENT_COLOR_NAME = AccentColor;
				CODE_SIGN_ENTITLEMENTS = LoveLedger/LoveLedger.entitlements;
				CODE_SIGN_STYLE = Automatic;
				CURRENT_PROJECT_VERSION = 12;
				DEVELOPMENT_TEAM = X7DADA8TN8;
				ENABLE_PREVIEWS = YES;
				GENERATE_INFOPLIST_FILE = YES;
				INFOPLIST_FILE = LoveLedger/Info.plist;
				INFOPLIST_KEY_CFBundleDisplayName = DailySpend;
				INFOPLIST_KEY_UIApplicationSceneManifest_Generation = YES;
				INFOPLIST_KEY_UIApplicationSupportsIndirectInputEvents = YES;
				INFOPLIST_KEY_UILaunchScreen_Generation = YES;
				INFOPLIST_KEY_UISupportedInterfaceOrientations_iPad = "UIInterfaceOrientationPortrait UIInterfaceOrientationPortraitUpsideDown UIInterfaceOrientationLandscapeLeft UIInterfaceOrientationLandscapeRight";
				INFOPLIST_KEY_UISupportedInterfaceOrientations_iPhone = "UIInterfaceOrientationPortrait UIInterfaceOrientationLandscapeLeft UIInterfaceOrientationLandscapeRight";
				LD_RUNPATH_SEARCH_PATHS = (
					"$(inherited)",
					"@executable_path/Frameworks",
				);
				MARKETING_VERSION = 1.0;
				PRODUCT_BUNDLE_IDENTIFIER = com.jackson.LoveLedger;
				PRODUCT_NAME = "$(TARGET_NAME)";
				STRING_CATALOG_GENERATE_SYMBOLS = YES;
				SWIFT_APPROACHABLE_CONCURRENCY = YES;
				SWIFT_DEFAULT_ACTOR_ISOLATION = MainActor;
				SWIFT_EMIT_LOC_STRINGS = YES;
				SWIFT_UPCOMING_FEATURE_MEMBER_IMPORT_VISIBILITY = YES;
				SWIFT_VERSION = 5.0;
				TARGETED_DEVICE_FAMILY = "1,2";
			};
			name = Release;
		};
		4EE9D1EC2EE39260009C1BE8 /* Debug */ = {
			isa = XCBuildConfiguration;
			buildSettings = {
				ASSETCATALOG_COMPILER_GLOBAL_ACCENT_COLOR_NAME = AccentColor;
				ASSETCATALOG_COMPILER_WIDGET_BACKGROUND_COLOR_NAME = WidgetBackground;
				CODE_SIGN_ENTITLEMENTS = LoveLedgerWidgetExtension.entitlements;
				CODE_SIGN_STYLE = Automatic;
				CURRENT_PROJECT_VERSION = 12;
				DEVELOPMENT_TEAM = X7DADA8TN8;
				GENERATE_INFOPLIST_FILE = YES;
				INFOPLIST_FILE = LoveLedgerWidget/Info.plist;
				INFOPLIST_KEY_CFBundleDisplayName = LoveLedgerWidget;
				INFOPLIST_KEY_NSHumanReadableCopyright = "";
				LD_RUNPATH_SEARCH_PATHS = (
					"$(inherited)",
					"@executable_path/Frameworks",
					"@executable_path/../../Frameworks",
				);
				MARKETING_VERSION = 1.0;
				PRODUCT_BUNDLE_IDENTIFIER = com.jackson.LoveLedger.LoveLedgerWidget;
				PRODUCT_NAME = "$(TARGET_NAME)";
				SKIP_INSTALL = YES;
				STRING_CATALOG_GENERATE_SYMBOLS = YES;
				SWIFT_APPROACHABLE_CONCURRENCY = YES;
				SWIFT_EMIT_LOC_STRINGS = YES;
				SWIFT_UPCOMING_FEATURE_MEMBER_IMPORT_VISIBILITY = YES;
				SWIFT_VERSION = 5.0;
				TARGETED_DEVICE_FAMILY = "1,2";
			};
			name = Debug;
		};
		4EE9D1ED2EE39260009C1BE8 /* Release */ = {
			isa = XCBuildConfiguration;
			buildSettings = {
				ASSETCATALOG_COMPILER_GLOBAL_ACCENT_COLOR_NAME = AccentColor;
				ASSETCATALOG_COMPILER_WIDGET_BACKGROUND_COLOR_NAME = WidgetBackground;
				CODE_SIGN_ENTITLEMENTS = LoveLedgerWidgetExtension.entitlements;
				CODE_SIGN_STYLE = Automatic;
				CURRENT_PROJECT_VERSION = 12;
				DEVELOPMENT_TEAM = X7DADA8TN8;
				GENERATE_INFOPLIST_FILE = YES;
				INFOPLIST_FILE = LoveLedgerWidget/Info.plist;
				INFOPLIST_KEY_CFBundleDisplayName = LoveLedgerWidget;
				INFOPLIST_KEY_NSHumanReadableCopyright = "";
				LD_RUNPATH_SEARCH_PATHS = (
					"$(inherited)",
					"@executable_path/Frameworks",
					"@executable_path/../../Frameworks",
				);
				MARKETING_VERSION = 1.0;
				PRODUCT_BUNDLE_IDENTIFIER = com.jackson.LoveLedger.LoveLedgerWidget;
				PRODUCT_NAME = "$(TARGET_NAME)";
				SKIP_INSTALL = YES;
				STRING_CATALOG_GENERATE_SYMBOLS = YES;
				SWIFT_APPROACHABLE_CONCURRENCY = YES;
				SWIFT_EMIT_LOC_STRINGS = YES;
				SWIFT_UPCOMING_FEATURE_MEMBER_IMPORT_VISIBILITY = YES;
				SWIFT_VERSION = 5.0;
				TARGETED_DEVICE_FAMILY = "1,2";
			};
			name = Release;
		};
/* End XCBuildConfiguration section */

/* Begin XCConfigurationList section */
		4E00000A2FF0000100C0D001 /* Build configuration list for PBXNativeTarget "LoveLedgerTests" */ = {
			isa = XCConfigurationList;
			buildConfigurations = (
				4E0000082FF0000100C0D001 /* Debug */,
				4E0000092FF0000100C0D001 /* Release */,
			);
			defaultConfigurationIsVisible = 0;
			defaultConfigurationName = Release;
		};
		4E00001A2FF0000100C0D001 /* Build configuration list for PBXNativeTarget "LoveLedgerUITests" */ = {
			isa = XCConfigurationList;
			buildConfigurations = (
				4E0000182FF0000100C0D001 /* Debug */,
				4E0000192FF0000100C0D001 /* Release */,
			);
			defaultConfigurationIsVisible = 0;
			defaultConfigurationName = Release;
		};
		4E9118B32EE29C0500B4AC63 /* Build configuration list for PBXProject "LoveLedger" */ = {
			isa = XCConfigurationList;
			buildConfigurations = (
				4E9118C32EE29C0600B4AC63 /* Debug */,
				4E9118C42EE29C0600B4AC63 /* Release */,
			);
			defaultConfigurationIsVisible = 0;
			defaultConfigurationName = Release;
		};
		4E9118C52EE29C0600B4AC63 /* Build configuration list for PBXNativeTarget "LoveLedger" */ = {
			isa = XCConfigurationList;
			buildConfigurations = (
				4E9118C62EE29C0600B4AC63 /* Debug */,
				4E9118C72EE29C0600B4AC63 /* Release */,
			);
			defaultConfigurationIsVisible = 0;
			defaultConfigurationName = Release;
		};
		4EE9D1EF2EE39260009C1BE8 /* Build configuration list for PBXNativeTarget "LoveLedgerWidgetExtension" */ = {
			isa = XCConfigurationList;
			buildConfigurations = (
				4EE9D1EC2EE39260009C1BE8 /* Debug */,
				4EE9D1ED2EE39260009C1BE8 /* Release */,
			);
			defaultConfigurationIsVisible = 0;
			defaultConfigurationName = Release;
		};
/* End XCConfigurationList section */
	};
	rootObject = 4E9118B02EE29C0500B4AC63 /* Project object */;
}
